
Microsoft Visual Studio Solution File, Format Version 12.00
# Visual Studio Version 17
VisualStudioVersion = 17.9.34728.123
MinimumVisualStudioVersion = 10.0.40219.1
Project("{FAE04EC0-301F-11D3-BF4B-00C04F79EFBC}") = "BaseProject", "BaseProject.csproj", "{964BCEBA-1840-4E0B-8FDB-D1DCC48BACDE}"
EndProject
Global
	GlobalSection(SolutionConfigurationPlatforms) = preSolution
		Debug|Any CPU = Debug|Any CPU
		Release|Any CPU = Release|Any CPU
	EndGlobalSection
	GlobalSection(ProjectConfigurationPlatforms) = postSolution
		{964BCEBA-1840-4E0B-8FDB-D1DCC48BACDE}.Debug|Any CPU.ActiveCfg = Debug|Any CPU
		{964BCEBA-1840-4E0B-8FDB-D1DCC48BACDE}.Debug|Any CPU.Build.0 = Debug|Any CPU
		{964BCEBA-1840-4E0B-8FDB-D1DCC48BACDE}.Release|Any CPU.ActiveCfg = Release|Any CPU
		{964BCEBA-1840-4E0B-8FDB-D1DCC48BACDE}.Release|Any CPU.Build.0 = Release|Any CPU
	EndGlobalSection
	GlobalSection(SolutionProperties) = preSolution
		HideSolutionNode = FALSE
	EndGlobalSection
	GlobalSection(ExtensibilityGlobals) = postSolution
		SolutionGuid = {2A7158C4-4284-45FF-8A71-68F4073DAB22}
	EndGlobalSection
EndGlobal
